
Microsoft Visual Studio Solution File, Format Version 12.00
# Visual Studio Version 17
VisualStudioVersion = 17.5.002.0
MinimumVisualStudioVersion = 10.0.40219.1
Project("{9A19103F-16F7-4668-BE54-9A1E7A4F7556}") = "Quiz", "Quiz.csproj", "{9C8844D1-987F-46C5-82EA-8CA3179B7EC5}"
EndProject
Global
	GlobalSection(SolutionConfigurationPlatforms) = preSolution
		Debug|Any CPU = Debug|Any CPU
		Release|Any CPU = Release|Any CPU
	EndGlobalSection
	GlobalSection(ProjectConfigurationPlatforms) = postSolution
		{9C8844D1-987F-46C5-82EA-8CA3179B7EC5}.Debug|Any CPU.ActiveCfg = Debug|Any CPU
		{9C8844D1-987F-46C5-82EA-8CA3179B7EC5}.Debug|Any CPU.Build.0 = Debug|Any CPU
		{9C8844D1-987F-46C5-82EA-8CA3179B7EC5}.Release|Any CPU.ActiveCfg = Release|Any CPU
		{9C8844D1-987F-46C5-82EA-8CA3179B7EC5}.Release|Any CPU.Build.0 = Release|Any CPU
	EndGlobalSection
	GlobalSection(SolutionProperties) = preSolution
		HideSolutionNode = FALSE
	EndGlobalSection
	GlobalSection(ExtensibilityGlobals) = postSolution
		SolutionGuid = {752139B2-6308-40BE-8AD5-E12BA71496CE}
	EndGlobalSection
EndGlobal
